
Microsoft Visual Studio Solution File, Format Version 12.00
# Visual Studio 15
VisualStudioVersion = 15.0.28307.421
MinimumVisualStudioVersion = 10.0.40219.1
Project("{FAE04EC0-301F-11D3-BF4B-00C04F79EFBC}") = "FrameAnalysis", "FrameAnalysis\FrameAnalysis.csproj", "{A1E6A69D-C85D-4FCB-B77D-AB9F4ABEBF9E}"
EndProject
Global
	GlobalSection(SolutionConfigurationPlatforms) = preSolution
		Debug|Any CPU = Debug|Any CPU
		Release|Any CPU = Release|Any CPU
	EndGlobalSection
	GlobalSection(ProjectConfigurationPlatforms) = postSolution
		{A1E6A69D-C85D-4FCB-B77D-AB9F4ABEBF9E}.Debug|Any CPU.ActiveCfg = Debug|Any CPU
		{A1E6A69D-C85D-4FCB-B77D-AB9F4ABEBF9E}.Debug|Any CPU.Build.0 = Debug|Any CPU
		{A1E6A69D-C85D-4FCB-B77D-AB9F4ABEBF9E}.Release|Any CPU.ActiveCfg = Release|Any CPU
		{A1E6A69D-C85D-4FCB-B77D-AB9F4ABEBF9E}.Release|Any CPU.Build.0 = Release|Any CPU
	EndGlobalSection
	GlobalSection(SolutionProperties) = preSolution
		HideSolutionNode = FALSE
	EndGlobalSection
	GlobalSection(ExtensibilityGlobals) = postSolution
		SolutionGuid = {4D426116-70B4-40EF-AF4E-8A4DE3F7BDBA}
	EndGlobalSection
EndGlobal
